
Microsoft Visual Studio Solution File, Format Version 12.00
# Visual Studio Version 16
VisualStudioVersion = 16.0.30413.136
MinimumVisualStudioVersion = 10.0.40219.1
Project("{FAE04EC0-301F-11D3-BF4B-00C04F79EFBC}") = "DBConnectivy", "DBConnectivy\DBConnectivy.csproj", "{95A324B6-FDBB-4859-8917-EBB4F68A8C05}"
EndProject
Global
	GlobalSection(SolutionConfigurationPlatforms) = preSolution
		Debug|Any CPU = Debug|Any CPU
		Release|Any CPU = Release|Any CPU
	EndGlobalSection
	GlobalSection(ProjectConfigurationPlatforms) = postSolution
		{95A324B6-FDBB-4859-8917-EBB4F68A8C05}.Debug|Any CPU.ActiveCfg = Debug|Any CPU
		{95A324B6-FDBB-4859-8917-EBB4F68A8C05}.Debug|Any CPU.Build.0 = Debug|Any CPU
		{95A324B6-FDBB-4859-8917-EBB4F68A8C05}.Release|Any CPU.ActiveCfg = Release|Any CPU
		{95A324B6-FDBB-4859-8917-EBB4F68A8C05}.Release|Any CPU.Build.0 = Release|Any CPU
	EndGlobalSection
	GlobalSection(SolutionProperties) = preSolution
		HideSolutionNode = FALSE
	EndGlobalSection
	GlobalSection(ExtensibilityGlobals) = postSolution
		SolutionGuid = {652CACB7-E329-49ED-97C2-03C32B4BDA2B}
	EndGlobalSection
EndGlobal
